
Microsoft Visual Studio Solution File, Format Version 12.00
# Visual Studio 2013
VisualStudioVersion = 12.0.30501.0
MinimumVisualStudioVersion = 10.0.40219.1
Project("{FAE04EC0-301F-11D3-BF4B-00C04F79EFBC}") = "FVTest", "FVTest\FVTest.csproj", "{9D8FC496-91E1-471B-BD07-8C2283BE29B4}"
EndProject
Project("{FAE04EC0-301F-11D3-BF4B-00C04F79EFBC}") = "FVTest.Tests", "FVTest.Tests\FVTest.Tests.csproj", "{9BAB359A-960F-4EAC-A9A0-679BF886EBC6}"
EndProject
Project("{FAE04EC0-301F-11D3-BF4B-00C04F79EFBC}") = "ConsoleClientTest", "ConsoleClientTest\ConsoleClientTest.csproj", "{01188ED9-5C69-4D03-B34A-A53D34C85BC1}"
EndProject
Global
	GlobalSection(SolutionConfigurationPlatforms) = preSolution
		Debug|Any CPU = Debug|Any CPU
		Release|Any CPU = Release|Any CPU
	EndGlobalSection
	GlobalSection(ProjectConfigurationPlatforms) = postSolution
		{9D8FC496-91E1-471B-BD07-8C2283BE29B4}.Debug|Any CPU.ActiveCfg = Debug|Any CPU
		{9D8FC496-91E1-471B-BD07-8C2283BE29B4}.Debug|Any CPU.Build.0 = Debug|Any CPU
		{9D8FC496-91E1-471B-BD07-8C2283BE29B4}.Release|Any CPU.ActiveCfg = Release|Any CPU
		{9D8FC496-91E1-471B-BD07-8C2283BE29B4}.Release|Any CPU.Build.0 = Release|Any CPU
		{9BAB359A-960F-4EAC-A9A0-679BF886EBC6}.Debug|Any CPU.ActiveCfg = Debug|Any CPU
		{9BAB359A-960F-4EAC-A9A0-679BF886EBC6}.Debug|Any CPU.Build.0 = Debug|Any CPU
		{9BAB359A-960F-4EAC-A9A0-679BF886EBC6}.Release|Any CPU.ActiveCfg = Release|Any CPU
		{9BAB359A-960F-4EAC-A9A0-679BF886EBC6}.Release|Any CPU.Build.0 = Release|Any CPU
		{01188ED9-5C69-4D03-B34A-A53D34C85BC1}.Debug|Any CPU.ActiveCfg = Debug|Any CPU
		{01188ED9-5C69-4D03-B34A-A53D34C85BC1}.Debug|Any CPU.Build.0 = Debug|Any CPU
		{01188ED9-5C69-4D03-B34A-A53D34C85BC1}.Release|Any CPU.ActiveCfg = Release|Any CPU
		{01188ED9-5C69-4D03-B34A-A53D34C85BC1}.Release|Any CPU.Build.0 = Release|Any CPU
	EndGlobalSection
	GlobalSection(SolutionProperties) = preSolution
		HideSolutionNode = FALSE
	EndGlobalSection
EndGlobal
